
Microsoft Visual Studio Solution File, Format Version 12.00
# Visual Studio 15
VisualStudioVersion = 15.0.28307.168
MinimumVisualStudioVersion = 10.0.40219.1
Project("{FAE04EC0-301F-11D3-BF4B-00C04F79EFBC}") = "PAX Eetdagen", "PAX Eetdagen\PAX Eetdagen.csproj", "{27F81501-2F2D-4E3A-88B1-0433CD3A5172}"
EndProject
Global
	GlobalSection(SolutionConfigurationPlatforms) = preSolution
		Debug|Any CPU = Debug|Any CPU
		Release|Any CPU = Release|Any CPU
	EndGlobalSection
	GlobalSection(ProjectConfigurationPlatforms) = postSolution
		{27F81501-2F2D-4E3A-88B1-0433CD3A5172}.Debug|Any CPU.ActiveCfg = Debug|Any CPU
		{27F81501-2F2D-4E3A-88B1-0433CD3A5172}.Debug|Any CPU.Build.0 = Debug|Any CPU
		{27F81501-2F2D-4E3A-88B1-0433CD3A5172}.Release|Any CPU.ActiveCfg = Release|Any CPU
		{27F81501-2F2D-4E3A-88B1-0433CD3A5172}.Release|Any CPU.Build.0 = Release|Any CPU
	EndGlobalSection
	GlobalSection(SolutionProperties) = preSolution
		HideSolutionNode = FALSE
	EndGlobalSection
	GlobalSection(ExtensibilityGlobals) = postSolution
		SolutionGuid = {2B40727A-FE85-44B9-A5F7-E012ACE495C0}
	EndGlobalSection
EndGlobal
